PODS:
  - FBSnapshotTestCase (2.1.4):
    - FBSnapshotTestCase/SwiftSupport (= 2.1.4)
  - FBSnapshotTestCase/Core (2.1.4)
  - FBSnapshotTestCase/SwiftSupport (2.1.4):
    - FBSnapshotTestCase/Core
  - iOSSnapshotTestCase (6.2.0):
    - iOSSnapshotTestCase/SwiftSupport (= 6.2.0)
  - iOSSnapshotTestCase/Core (6.2.0)
  - iOSSnapshotTestCase/SwiftSupport (6.2.0):
    - iOSSnapshotTestCase/Core
  - MicrosoftFluentUI (0.1.25):
    - MicrosoftFluentUI/AvatarView_mac (= 0.1.25)
    - MicrosoftFluentUI/Button_mac (= 0.1.25)
    - MicrosoftFluentUI/Calendar_ios (= 0.1.25)
    - MicrosoftFluentUI/Card_ios (= 0.1.25)
    - MicrosoftFluentUI/Controls_ios (= 0.1.25)
    - MicrosoftFluentUI/Core_ios (= 0.1.25)
    - MicrosoftFluentUI/Core_mac (= 0.1.25)
    - MicrosoftFluentUI/DatePicker_mac (= 0.1.25)
    - MicrosoftFluentUI/Drawer_ios (= 0.1.25)
    - MicrosoftFluentUI/HUD_ios (= 0.1.25)
    - MicrosoftFluentUI/Link_mac (= 0.1.25)
    - MicrosoftFluentUI/Notification_ios (= 0.1.25)
    - MicrosoftFluentUI/PillButtonBar_ios (= 0.1.25)
    - MicrosoftFluentUI/PopupMenu_ios (= 0.1.25)
    - MicrosoftFluentUI/Presenters_ios (= 0.1.25)
    - MicrosoftFluentUI/Separator_mac (= 0.1.25)
    - MicrosoftFluentUI/Shimmer_ios (= 0.1.25)
    - MicrosoftFluentUI/TabBar_ios (= 0.1.25)
    - MicrosoftFluentUI/Tooltip_ios (= 0.1.25)
    - MicrosoftFluentUI/Utilities_ios (= 0.1.25)
  - MicrosoftFluentUI/Calendar_ios (0.1.25):
    - MicrosoftFluentUI/Presenters_ios
  - MicrosoftFluentUI/Card_ios (0.1.25):
    - MicrosoftFluentUI/Controls_ios
  - MicrosoftFluentUI/Controls_ios (0.1.25):
    - MicrosoftFluentUI/Core_ios
  - MicrosoftFluentUI/Core_ios (0.1.25)
  - MicrosoftFluentUI/Drawer_ios (0.1.25):
    - MicrosoftFluentUI/Controls_ios
  - MicrosoftFluentUI/HUD_ios (0.1.25):
    - MicrosoftFluentUI/Controls_ios
  - MicrosoftFluentUI/Notification_ios (0.1.25):
    - MicrosoftFluentUI/Controls_ios
  - MicrosoftFluentUI/PillButtonBar_ios (0.1.25):
    - MicrosoftFluentUI/Core_ios
  - MicrosoftFluentUI/PopupMenu_ios (0.1.25):
    - MicrosoftFluentUI/Drawer_ios
  - MicrosoftFluentUI/Presenters_ios (0.1.25):
    - MicrosoftFluentUI/Controls_ios
  - MicrosoftFluentUI/Shimmer_ios (0.1.25):
    - MicrosoftFluentUI/Core_ios
    - MicrosoftFluentUI/Utilities_ios
  - MicrosoftFluentUI/TabBar_ios (0.1.25):
    - MicrosoftFluentUI/Controls_ios
  - MicrosoftFluentUI/Tooltip_ios (0.1.25):
    - MicrosoftFluentUI/Controls_ios
  - MicrosoftFluentUI/Utilities_ios (0.1.25)
  - Nimble (9.0.0)
  - Nimble-Snapshots (9.1.0):
    - Nimble-Snapshots/Core (= 9.1.0)
  - Nimble-Snapshots/Core (9.1.0):
    - iOSSnapshotTestCase (~> 6.0)
    - Nimble
  - NKUtility (0.1.1):
    - MicrosoftFluentUI
    - SwiftTheme
  - Quick (3.0.0)
  - SwiftTheme (0.5.5)

DEPENDENCIES:
  - FBSnapshotTestCase
  - Nimble
  - Nimble-Snapshots
  - NKUtility (from `../`)
  - Quick

SPEC REPOS:
  trunk:
    - FBSnapshotTestCase
    - iOSSnapshotTestCase
    - MicrosoftFluentUI
    - Nimble
    - Nimble-Snapshots
    - Quick
    - SwiftTheme

EXTERNAL SOURCES:
  NKUtility:
    :path: "../"

SPEC CHECKSUMS:
  FBSnapshotTestCase: 094f9f314decbabe373b87cc339bea235a63e07a
  iOSSnapshotTestCase: 9ab44cb5aa62b84d31847f40680112e15ec579a6
  MicrosoftFluentUI: 9fc0e7af0b061c6a0d0bd1b674b93657cd6db5e1
  Nimble: 3b4ec3fd40f1dc178058e0981107721c615643d8
  Nimble-Snapshots: 6605431525245f967ca9d558bb12a49da3d040e3
  NKUtility: ea7bc72f6bbe9d7c57fb3f1cf2d84a1381f3b2cb
  Quick: 6d9559f40647bc4d510103842ef2fdd882d753e2
  SwiftTheme: 585ead917c78ea3fc508437b0a141d29c034bdb0

PODFILE CHECKSUM: 5d2815ced0e64712c4cd2c9dab30dd44b8bec3d9

COCOAPODS: 1.8.3
