PODS:
  - FBSnapshotTestCase (2.1.4):
    - FBSnapshotTestCase/SwiftSupport (= 2.1.4)
  - FBSnapshotTestCase/Core (2.1.4)
  - FBSnapshotTestCase/SwiftSupport (2.1.4):
    - FBSnapshotTestCase/Core
  - iOSSnapshotTestCase (6.2.0):
    - iOSSnapshotTestCase/SwiftSupport (= 6.2.0)
  - iOSSnapshotTestCase/Core (6.2.0)
  - iOSSnapshotTestCase/SwiftSupport (6.2.0):
    - iOSSnapshotTestCase/Core
  - Nimble (9.0.0)
  - Nimble-Snapshots (9.1.0):
    - Nimble-Snapshots/Core (= 9.1.0)
  - Nimble-Snapshots/Core (9.1.0):
    - iOSSnapshotTestCase (~> 6.0)
    - Nimble
  - NKUtility (0.1.1):
    - SwiftTheme
  - Quick (3.0.0)
  - SwiftTheme (0.5.5)

DEPENDENCIES:
  - FBSnapshotTestCase
  - Nimble
  - Nimble-Snapshots
  - NKUtility (from `../`)
  - Quick

SPEC REPOS:
  trunk:
    - FBSnapshotTestCase
    - iOSSnapshotTestCase
    - Nimble
    - Nimble-Snapshots
    - Quick
    - SwiftTheme

EXTERNAL SOURCES:
  NKUtility:
    :path: "../"

SPEC CHECKSUMS:
  FBSnapshotTestCase: 094f9f314decbabe373b87cc339bea235a63e07a
  iOSSnapshotTestCase: 9ab44cb5aa62b84d31847f40680112e15ec579a6
  Nimble: 3b4ec3fd40f1dc178058e0981107721c615643d8
  Nimble-Snapshots: 6605431525245f967ca9d558bb12a49da3d040e3
  NKUtility: 9341b4495adb690a189fff7c3656319b5918df5d
  Quick: 6d9559f40647bc4d510103842ef2fdd882d753e2
  SwiftTheme: 585ead917c78ea3fc508437b0a141d29c034bdb0

PODFILE CHECKSUM: 5d2815ced0e64712c4cd2c9dab30dd44b8bec3d9

COCOAPODS: 1.8.3
